Microsoft Visual Studio Solution File, Format Version 12.00
# Visual Studio Version 17
VisualStudioVersion = 17.0.31611.283
MinimumVisualStudioVersion = 10.0.40219.1
Project("{9A19103F-16F7-4668-BE54-9A1E7A4F7556}") = "HttpListenerMaui", "HttpListenerMaui\HttpListenerMaui.csproj", "{0974E606-B48C-4AD4-81B2-64DC6C4D3FC0}"
EndProject
Global
	GlobalSection(SolutionConfigurationPlatforms) = preSolution
		Debug|Any CPU = Debug|Any CPU
		Release|Any CPU = Release|Any CPU
	EndGlobalSection
	GlobalSection(ProjectConfigurationPlatforms) = postSolution
		{0974E606-B48C-4AD4-81B2-64DC6C4D3FC0}.Debug|Any CPU.ActiveCfg = Debug|Any CPU
		{0974E606-B48C-4AD4-81B2-64DC6C4D3FC0}.Debug|Any CPU.Build.0 = Debug|Any CPU
		{0974E606-B48C-4AD4-81B2-64DC6C4D3FC0}.Debug|Any CPU.Deploy.0 = Debug|Any CPU
		{0974E606-B48C-4AD4-81B2-64DC6C4D3FC0}.Release|Any CPU.ActiveCfg = Release|Any CPU
		{0974E606-B48C-4AD4-81B2-64DC6C4D3FC0}.Release|Any CPU.Build.0 = Release|Any CPU
		{0974E606-B48C-4AD4-81B2-64DC6C4D3FC0}.Release|Any CPU.Deploy.0 = Release|Any CPU
	EndGlobalSection
	GlobalSection(SolutionProperties) = preSolution
		HideSolutionNode = FALSE
	EndGlobalSection
	GlobalSection(ExtensibilityGlobals) = postSolution
		        SolutionGuid = {61F7FB11-1E47-470C-91E2-47F8143E1572}
		SolutionGuid = {6E099073-201B-4420-9943-D590FA60DE0D}
	EndGlobalSection
EndGlobal
